github.com/mattn/go-runewidth v0.0.9 h1:Lm995f3rfxdpd6TSmuVCHVb/QhupuXlYr8sCI/QdE+0=
github.com/mattn/go-runewidth v0.0.9/go.mod h1:H031xJmbD/WCDINGzjvQ9THkh0rPKHF+m2gUSrubnMI=
github.com/nsf/termbox-go v1.1.1 h1:nksUPLCb73Q++DwbYUBEglYBRPZyoXJdrj5L+TkjyZY=
github.com/nsf/termbox-go v1.1.1/go.mod h1:T0cTdVuOwf7pHQNtfhnEbzHbcNyCEcVU4YPpouCbVxo=
github.com/unixpickle/cuda v0.0.0-20170909041720-741e7c9190d3 h1:8UPYBhX7hc+zZ1DjdyF4ejxkb8VNJuwnGzX4Ctty6cQ=
github.com/unixpickle/cuda v0.0.0-20170909041720-741e7c9190d3/go.mod h1:P/AH5PyhflC9EEr3FpywLUgeEJtNN51Q9GcG8OWe0TQ=
github.com/unixpickle/memalloc v0.0.0-20170204163700-610bc4783a63 h1:iJwATqS+/201WA3AifLNPl1mIEDfJWqK4AiLmzjuGk4=
github.com/unixpickle/memalloc v0.0.0-20170204163700-610bc4783a63/go.mod h1:/K8+PTN7G0TkoMmZ5iYTbBz8/dzkxPbxtoAy4G4Rws8=
github.com/unixpickle/splaytree v1.1.0 h1:LXYm3OHPHLacGrUnEsrES4i8DFTqwyw1eoxXuZIE6kM=
github.com/unixpickle/splaytree v1.1.0/go.mod h1:Wmzeu7zl1qJVgZXlOdWib73pZlFOsFVgYo3k/72bYDw=
